
Microsoft Visual Studio Solution File, Format Version 12.00
# Visual Studio Version 17
VisualStudioVersion = 17.11.35327.3
MinimumVisualStudioVersion = 10.0.40219.1
Project("{FAE04EC0-301F-11D3-BF4B-00C04F79EFBC}") = "MauiApp6", "MauiApp6\MauiApp6.csproj", "{7D849AF8-4B3A-4B18-8179-5923B94DB874}"
EndProject
Global
	GlobalSection(SolutionConfigurationPlatforms) = preSolution
		Debug|Any CPU = Debug|Any CPU
		Release|Any CPU = Release|Any CPU
	EndGlobalSection
	GlobalSection(ProjectConfigurationPlatforms) = postSolution
		{7D849AF8-4B3A-4B18-8179-5923B94DB874}.Debug|Any CPU.ActiveCfg = Debug|Any CPU
		{7D849AF8-4B3A-4B18-8179-5923B94DB874}.Debug|Any CPU.Build.0 = Debug|Any CPU
		{7D849AF8-4B3A-4B18-8179-5923B94DB874}.Debug|Any CPU.Deploy.0 = Debug|Any CPU
		{7D849AF8-4B3A-4B18-8179-5923B94DB874}.Release|Any CPU.ActiveCfg = Release|Any CPU
		{7D849AF8-4B3A-4B18-8179-5923B94DB874}.Release|Any CPU.Build.0 = Release|Any CPU
		{7D849AF8-4B3A-4B18-8179-5923B94DB874}.Release|Any CPU.Deploy.0 = Release|Any CPU
	EndGlobalSection
	GlobalSection(SolutionProperties) = preSolution
		HideSolutionNode = FALSE
	EndGlobalSection
	GlobalSection(ExtensibilityGlobals) = postSolution
		SolutionGuid = {7AF2C1B6-DA28-4DCE-BD25-3DC6E3099DA2}
	EndGlobalSection
EndGlobal
